
Microsoft Visual Studio Solution File, Format Version 12.00
# Visual Studio 15
VisualStudioVersion = 15.0.28307.168
MinimumVisualStudioVersion = 10.0.40219.1
Project("{FAE04EC0-301F-11D3-BF4B-00C04F79EFBC}") = "LanguageFeatures", "LanguageFeatures\LanguageFeatures.csproj", "{5EA39668-1755-4C82-8153-0E77F6708F41}"
EndProject
Global
	GlobalSection(SolutionConfigurationPlatforms) = preSolution
		Debug|Any CPU = Debug|Any CPU
		Release|Any CPU = Release|Any CPU
	EndGlobalSection
	GlobalSection(ProjectConfigurationPlatforms) = postSolution
		{5EA39668-1755-4C82-8153-0E77F6708F41}.Debug|Any CPU.ActiveCfg = Debug|Any CPU
		{5EA39668-1755-4C82-8153-0E77F6708F41}.Debug|Any CPU.Build.0 = Debug|Any CPU
		{5EA39668-1755-4C82-8153-0E77F6708F41}.Release|Any CPU.ActiveCfg = Release|Any CPU
		{5EA39668-1755-4C82-8153-0E77F6708F41}.Release|Any CPU.Build.0 = Release|Any CPU
	EndGlobalSection
	GlobalSection(SolutionProperties) = preSolution
		HideSolutionNode = FALSE
	EndGlobalSection
	GlobalSection(ExtensibilityGlobals) = postSolution
		SolutionGuid = {978B9885-138D-4146-BCB0-8DE775B7A62A}
	EndGlobalSection
EndGlobal
